
Microsoft Visual Studio Solution File, Format Version 12.00
# Visual Studio Version 17
VisualStudioVersion = 17.0.31903.59
MinimumVisualStudioVersion = 10.0.40219.1
Project("{FAE04EC0-301F-11D3-BF4B-00C04F79EFBC}") = "GameServer.Application", "src\GameServer.Application\GameServer.Application.csproj", "{9A19103F-16F7-4668-BE54-9A1E7A4F7556}"
EndProject
Project("{FAE04EC0-301F-11D3-BF4B-00C04F79EFBC}") = "GameServer.Presentation", "src\GameServer.Presentation\GameServer.Presentation.csproj", "{1A19103F-16F7-4668-BE54-9A1E7A4F7557}"
EndProject
Project("{FAE04EC0-301F-11D3-BF4B-00C04F79EFBC}") = "GameServer.Shared", "src\GameServer.Shared\GameServer.Shared.csproj", "{2A19103F-16F7-4668-BE54-9A1E7A4F7558}"
EndProject
Project("{FAE04EC0-301F-11D3-BF4B-00C04F79EFBC}") = "GameClient", "..\Client\GameClient.csproj", "{A5A65D62-0794-46AC-8770-48B916B47F0E}"
EndProject
Project("{FAE04EC0-301F-11D3-BF4B-00C04F79EFBC}") = "GameServer.Infrastructure", "src\GameServer.Infrastructure\GameServer.Infrastructure.csproj", "{58639281-FC76-4096-A906-6FD15FA40EA3}"
EndProject
Project("{FAE04EC0-301F-11D3-BF4B-00C04F79EFBC}") = "GameServer.Infrastructure.Tests", "src\GameServer.Infrastructure.Tests\GameServer.Infrastructure.Tests.csproj", "{0B130576-ABCB-40CC-AB35-BDC3D157B6AA}"
EndProject
Global
	GlobalSection(SolutionConfigurationPlatforms) = preSolution
		Debug|Any CPU = Debug|Any CPU
		Release|Any CPU = Release|Any CPU
	EndGlobalSection
	GlobalSection(ProjectConfigurationPlatforms) = postSolution
		{9A19103F-16F7-4668-BE54-9A1E7A4F7556}.Debug|Any CPU.ActiveCfg = Debug|Any CPU
		{9A19103F-16F7-4668-BE54-9A1E7A4F7556}.Debug|Any CPU.Build.0 = Debug|Any CPU
		{9A19103F-16F7-4668-BE54-9A1E7A4F7556}.Release|Any CPU.ActiveCfg = Release|Any CPU
		{9A19103F-16F7-4668-BE54-9A1E7A4F7556}.Release|Any CPU.Build.0 = Release|Any CPU
		{1A19103F-16F7-4668-BE54-9A1E7A4F7557}.Debug|Any CPU.ActiveCfg = Debug|Any CPU
		{1A19103F-16F7-4668-BE54-9A1E7A4F7557}.Debug|Any CPU.Build.0 = Debug|Any CPU
		{1A19103F-16F7-4668-BE54-9A1E7A4F7557}.Release|Any CPU.ActiveCfg = Release|Any CPU
		{1A19103F-16F7-4668-BE54-9A1E7A4F7557}.Release|Any CPU.Build.0 = Release|Any CPU
		{2A19103F-16F7-4668-BE54-9A1E7A4F7558}.Debug|Any CPU.ActiveCfg = Debug|Any CPU
		{2A19103F-16F7-4668-BE54-9A1E7A4F7558}.Debug|Any CPU.Build.0 = Debug|Any CPU
		{2A19103F-16F7-4668-BE54-9A1E7A4F7558}.Release|Any CPU.ActiveCfg = Release|Any CPU
		{2A19103F-16F7-4668-BE54-9A1E7A4F7558}.Release|Any CPU.Build.0 = Release|Any CPU
		{A5A65D62-0794-46AC-8770-48B916B47F0E}.Debug|Any CPU.ActiveCfg = Debug|Any CPU
		{A5A65D62-0794-46AC-8770-48B916B47F0E}.Debug|Any CPU.Build.0 = Debug|Any CPU
		{A5A65D62-0794-46AC-8770-48B916B47F0E}.Release|Any CPU.ActiveCfg = ExportRelease|Any CPU
		{A5A65D62-0794-46AC-8770-48B916B47F0E}.Release|Any CPU.Build.0 = ExportRelease|Any CPU
		{58639281-FC76-4096-A906-6FD15FA40EA3}.Debug|Any CPU.ActiveCfg = Debug|Any CPU
		{58639281-FC76-4096-A906-6FD15FA40EA3}.Debug|Any CPU.Build.0 = Debug|Any CPU
		{58639281-FC76-4096-A906-6FD15FA40EA3}.Release|Any CPU.ActiveCfg = Release|Any CPU
		{58639281-FC76-4096-A906-6FD15FA40EA3}.Release|Any CPU.Build.0 = Release|Any CPU
		{0B130576-ABCB-40CC-AB35-BDC3D157B6AA}.Debug|Any CPU.ActiveCfg = Debug|Any CPU
		{0B130576-ABCB-40CC-AB35-BDC3D157B6AA}.Debug|Any CPU.Build.0 = Debug|Any CPU
		{0B130576-ABCB-40CC-AB35-BDC3D157B6AA}.Release|Any CPU.ActiveCfg = Release|Any CPU
		{0B130576-ABCB-40CC-AB35-BDC3D157B6AA}.Release|Any CPU.Build.0 = Release|Any CPU
	EndGlobalSection
	GlobalSection(SolutionProperties) = preSolution
		HideSolutionNode = FALSE
	EndGlobalSection
EndGlobal
